
Microsoft Visual Studio Solution File, Format Version 12.00
# Visual Studio 15
VisualStudioVersion = 15.0.28307.572
MinimumVisualStudioVersion = 10.0.40219.1
Project("{FAE04EC0-301F-11D3-BF4B-00C04F79EFBC}") = "MyWinApp", "MyWinApp\MyWinApp.csproj", "{C253828C-4422-41ED-9C9A-4FD22F9D3BB0}"
EndProject
Global
	GlobalSection(SolutionConfigurationPlatforms) = preSolution
		Debug|Any CPU = Debug|Any CPU
		Release|Any CPU = Release|Any CPU
	EndGlobalSection
	GlobalSection(ProjectConfigurationPlatforms) = postSolution
		{C253828C-4422-41ED-9C9A-4FD22F9D3BB0}.Debug|Any CPU.ActiveCfg = Debug|Any CPU
		{C253828C-4422-41ED-9C9A-4FD22F9D3BB0}.Debug|Any CPU.Build.0 = Debug|Any CPU
		{C253828C-4422-41ED-9C9A-4FD22F9D3BB0}.Release|Any CPU.ActiveCfg = Release|Any CPU
		{C253828C-4422-41ED-9C9A-4FD22F9D3BB0}.Release|Any CPU.Build.0 = Release|Any CPU
	EndGlobalSection
	GlobalSection(SolutionProperties) = preSolution
		HideSolutionNode = FALSE
	EndGlobalSection
	GlobalSection(ExtensibilityGlobals) = postSolution
		SolutionGuid = {FA829DCB-0F5A-4558-A2BB-A5CE7E48DAD3}
	EndGlobalSection
EndGlobal
